
Microsoft Visual Studio Solution File, Format Version 12.00
# Visual Studio Version 17
VisualStudioVersion = 17.14.36327.8
MinimumVisualStudioVersion = 10.0.40219.1
Project("{FAE04EC0-301F-11D3-BF4B-00C04F79EFBC}") = "ClearBank.DeveloperTest.Models", "src\ClearBank.DeveloperTest.Models\ClearBank.DeveloperTest.Models.csproj", "{E067B65F-CE5F-49CE-BBBB-DB9A45AEF47D}"
EndProject
Project("{2150E333-8FDC-42A3-9474-1A3956D46DE8}") = "src", "src", "{02EA681E-C7D8-13C7-8484-4AC65E1B71E8}"
EndProject
Project("{2150E333-8FDC-42A3-9474-1A3956D46DE8}") = "tests", "tests", "{C5462E81-6F9D-4A7A-8CAE-59F7A45ACAE3}"
EndProject
Project("{FAE04EC0-301F-11D3-BF4B-00C04F79EFBC}") = "ClearBank.DeveloperTest.UnitTests", "tests\ClearBank.DeveloperTest.UnitTests\ClearBank.DeveloperTest.UnitTests.csproj", "{AAE8629C-F1DA-4344-8B19-CFF06FB83D76}"
EndProject
Project("{FAE04EC0-301F-11D3-BF4B-00C04F79EFBC}") = "ClearBank.DeveloperTest.Application", "src\ClearBank.DeveloperTest.Application\ClearBank.DeveloperTest.Application.csproj", "{AD438981-E709-4F35-BD68-B35F8973A57F}"
EndProject
Project("{FAE04EC0-301F-11D3-BF4B-00C04F79EFBC}") = "ClearBank.DeveloperTest.Infrastructure", "src\ClearBank.DeveloperTest.Infrastructure\ClearBank.DeveloperTest.Infrastructure.csproj", "{2A83137C-32B8-4513-8F8C-5913F78657F0}"
EndProject
Project("{2150E333-8FDC-42A3-9474-1A3956D46DE8}") = "Solution Items", "Solution Items", "{8EC462FD-D22E-90A8-E5CE-7E832BA40C5D}"
	ProjectSection(SolutionItems) = preProject
		README.md = README.md
	EndProjectSection
EndProject
Project("{FAE04EC0-301F-11D3-BF4B-00C04F79EFBC}") = "ClearBank.DeveloperTest", "tech-test-dotnet-main\ClearBank.DeveloperTest\ClearBank.DeveloperTest.csproj", "{68158751-3993-D8D8-C09C-33483E5ACB20}"
EndProject
Global
	GlobalSection(SolutionConfigurationPlatforms) = preSolution
		Debug|Any CPU = Debug|Any CPU
		Release|Any CPU = Release|Any CPU
	EndGlobalSection
	GlobalSection(ProjectConfigurationPlatforms) = postSolution
		{E067B65F-CE5F-49CE-BBBB-DB9A45AEF47D}.Debug|Any CPU.ActiveCfg = Debug|Any CPU
		{E067B65F-CE5F-49CE-BBBB-DB9A45AEF47D}.Debug|Any CPU.Build.0 = Debug|Any CPU
		{E067B65F-CE5F-49CE-BBBB-DB9A45AEF47D}.Release|Any CPU.ActiveCfg = Release|Any CPU
		{E067B65F-CE5F-49CE-BBBB-DB9A45AEF47D}.Release|Any CPU.Build.0 = Release|Any CPU
		{AAE8629C-F1DA-4344-8B19-CFF06FB83D76}.Debug|Any CPU.ActiveCfg = Debug|Any CPU
		{AAE8629C-F1DA-4344-8B19-CFF06FB83D76}.Debug|Any CPU.Build.0 = Debug|Any CPU
		{AAE8629C-F1DA-4344-8B19-CFF06FB83D76}.Release|Any CPU.ActiveCfg = Release|Any CPU
		{AAE8629C-F1DA-4344-8B19-CFF06FB83D76}.Release|Any CPU.Build.0 = Release|Any CPU
		{AD438981-E709-4F35-BD68-B35F8973A57F}.Debug|Any CPU.ActiveCfg = Debug|Any CPU
		{AD438981-E709-4F35-BD68-B35F8973A57F}.Debug|Any CPU.Build.0 = Debug|Any CPU
		{AD438981-E709-4F35-BD68-B35F8973A57F}.Release|Any CPU.ActiveCfg = Release|Any CPU
		{AD438981-E709-4F35-BD68-B35F8973A57F}.Release|Any CPU.Build.0 = Release|Any CPU
		{2A83137C-32B8-4513-8F8C-5913F78657F0}.Debug|Any CPU.ActiveCfg = Debug|Any CPU
		{2A83137C-32B8-4513-8F8C-5913F78657F0}.Debug|Any CPU.Build.0 = Debug|Any CPU
		{2A83137C-32B8-4513-8F8C-5913F78657F0}.Release|Any CPU.ActiveCfg = Release|Any CPU
		{2A83137C-32B8-4513-8F8C-5913F78657F0}.Release|Any CPU.Build.0 = Release|Any CPU
		{68158751-3993-D8D8-C09C-33483E5ACB20}.Debug|Any CPU.ActiveCfg = Debug|Any CPU
		{68158751-3993-D8D8-C09C-33483E5ACB20}.Debug|Any CPU.Build.0 = Debug|Any CPU
		{68158751-3993-D8D8-C09C-33483E5ACB20}.Release|Any CPU.ActiveCfg = Release|Any CPU
		{68158751-3993-D8D8-C09C-33483E5ACB20}.Release|Any CPU.Build.0 = Release|Any CPU
	EndGlobalSection
	GlobalSection(SolutionProperties) = preSolution
		HideSolutionNode = FALSE
	EndGlobalSection
	GlobalSection(NestedProjects) = preSolution
		{E067B65F-CE5F-49CE-BBBB-DB9A45AEF47D} = {02EA681E-C7D8-13C7-8484-4AC65E1B71E8}
		{AAE8629C-F1DA-4344-8B19-CFF06FB83D76} = {C5462E81-6F9D-4A7A-8CAE-59F7A45ACAE3}
		{AD438981-E709-4F35-BD68-B35F8973A57F} = {02EA681E-C7D8-13C7-8484-4AC65E1B71E8}
		{2A83137C-32B8-4513-8F8C-5913F78657F0} = {02EA681E-C7D8-13C7-8484-4AC65E1B71E8}
		{68158751-3993-D8D8-C09C-33483E5ACB20} = {02EA681E-C7D8-13C7-8484-4AC65E1B71E8}
	EndGlobalSection
	GlobalSection(ExtensibilityGlobals) = postSolution
		SolutionGuid = {BCDD9DD6-D423-48D4-BF2E-67533CADECAD}
	EndGlobalSection
EndGlobal
